// !$*UTF8*$!
{
	archiveVersion = 1;
	classes = {
	};
	objectVersion = 48;
	objects = {

/* Begin PBXBuildFile section */
		600554B92016330D006B6BF2 /* AppDelegate.swift in Sources */ = {isa = PBXBuildFile; fileRef = 600554B82016330D006B6BF2 /* AppDelegate.swift */; };
		600554BB2016330D006B6BF2 /* WelcomeVC.swift in Sources */ = {isa = PBXBuildFile; fileRef = 600554BA2016330D006B6BF2 /* WelcomeVC.swift */; };
		600554BE2016330D006B6BF2 /* Main.storyboard in Resources */ = {isa = PBXBuildFile; fileRef = 600554BC2016330D006B6BF2 /* Main.storyboard */; };
		600554C02016330D006B6BF2 /* Assets.xcassets in Resources */ = {isa = PBXBuildFile; fileRef = 600554BF2016330D006B6BF2 /* Assets.xcassets */; };
		600554C32016330D006B6BF2 /* LaunchScreen.storyboard in Resources */ = {isa = PBXBuildFile; fileRef = 600554C12016330D006B6BF2 /* LaunchScreen.storyboard */; };
		600554CC20163DA2006B6BF2 /* BorderButton.swift in Sources */ = {isa = PBXBuildFile; fileRef = 600554CB20163DA2006B6BF2 /* BorderButton.swift */; };
		60321BFB2018E928008944D5 /* LeagueVC.swift in Sources */ = {isa = PBXBuildFile; fileRef = 60321BFA2018E928008944D5 /* LeagueVC.swift */; };
		60321BFD2018E953008944D5 /* SkillVC.swift in Sources */ = {isa = PBXBuildFile; fileRef = 60321BFC2018E953008944D5 /* SkillVC.swift */; };
		60321BFF2018F5AE008944D5 /* Player.swift in Sources */ = {isa = PBXBuildFile; fileRef = 60321BFE2018F5AE008944D5 /* Player.swift */; };
/* End PBXBuildFile section */

/* Begin PBXFileReference section */
		600554B52016330D006B6BF2 /* app-swoosh.app */ = {isa = PBXFileReference; explicitFileType = wrapper.application; includeInIndex = 0; path = "app-swoosh.app"; sourceTree = BUILT_PRODUCTS_DIR; };
		600554B82016330D006B6BF2 /* AppDelegate.swift */ = {isa = PBXFileReference; lastKnownFileType = sourcecode.swift; path = AppDelegate.swift; sourceTree = "<group>"; };
		600554BA2016330D006B6BF2 /* WelcomeVC.swift */ = {isa = PBXFileReference; lastKnownFileType = sourcecode.swift; path = WelcomeVC.swift; sourceTree = "<group>"; };
		600554BD2016330D006B6BF2 /* Base */ = {isa = PBXFileReference; lastKnownFileType = file.storyboard; name = Base; path = Base.lproj/Main.storyboard; sourceTree = "<group>"; };
		600554BF2016330D006B6BF2 /* Assets.xcassets */ = {isa = PBXFileReference; lastKnownFileType = folder.assetcatalog; path = Assets.xcassets; sourceTree = "<group>"; };
		600554C22016330D006B6BF2 /* Base */ = {isa = PBXFileReference; lastKnownFileType = file.storyboard; name = Base; path = Base.lproj/LaunchScreen.storyboard; sourceTree = "<group>"; };
		600554C42016330D006B6BF2 /* Info.plist */ = {isa = PBXFileReference; lastKnownFileType = text.plist.xml; path = Info.plist; sourceTree = "<group>"; };
		600554CB20163DA2006B6BF2 /* BorderButton.swift */ = {isa = PBXFileReference; lastKnownFileType = sourcecode.swift; path = BorderButton.swift; sourceTree = "<group>"; };
		60321BFA2018E928008944D5 /* LeagueVC.swift */ = {isa = PBXFileReference; lastKnownFileType = sourcecode.swift; path = LeagueVC.swift; sourceTree = "<group>"; };
		60321BFC2018E953008944D5 /* SkillVC.swift */ = {isa = PBXFileReference; lastKnownFileType = sourcecode.swift; path = SkillVC.swift; sourceTree = "<group>"; };
		60321BFE2018F5AE008944D5 /* Player.swift */ = {isa = PBXFileReference; lastKnownFileType = sourcecode.swift; path = Player.swift; sourceTree = "<group>"; };
/* End PBXFileReference section */

/* Begin PBXFrameworksBuildPhase section */
		600554B22016330D006B6BF2 /* Frameworks */ = {
			isa = PBXFrameworksBuildPhase;
			buildActionMask = 2147483647;
			files = (
			);
			runOnlyForDeploymentPostprocessing = 0;
		};
/* End PBXFrameworksBuildPhase section */

/* Begin PBXGroup section */
		600554AC2016330D006B6BF2 = {
			isa = PBXGroup;
			children = (
				600554B72016330D006B6BF2 /* app-swoosh */,
				600554B62016330D006B6BF2 /* Products */,
			);
			sourceTree = "<group>";
		};
		600554B62016330D006B6BF2 /* Products */ = {
			isa = PBXGroup;
			children = (
				600554B52016330D006B6BF2 /* app-swoosh.app */,
			);
			name = Products;
			sourceTree = "<group>";
		};
		600554B72016330D006B6BF2 /* app-swoosh */ = {
			isa = PBXGroup;
			children = (
				60321BF92018E760008944D5 /* Model */,
				60321BF82018E74D008944D5 /* controller */,
				600554CA20163CBA006B6BF2 /* View */,
				600554B82016330D006B6BF2 /* AppDelegate.swift */,
				600554BC2016330D006B6BF2 /* Main.storyboard */,
				600554BF2016330D006B6BF2 /* Assets.xcassets */,
				600554C12016330D006B6BF2 /* LaunchScreen.storyboard */,
				600554C42016330D006B6BF2 /* Info.plist */,
			);
			path = "app-swoosh";
			sourceTree = "<group>";
		};
		600554CA20163CBA006B6BF2 /* View */ = {
			isa = PBXGroup;
			children = (
				600554CB20163DA2006B6BF2 /* BorderButton.swift */,
			);
			path = View;
			sourceTree = "<group>";
		};
		60321BF82018E74D008944D5 /* controller */ = {
			isa = PBXGroup;
			children = (
				600554BA2016330D006B6BF2 /* WelcomeVC.swift */,
				60321BFA2018E928008944D5 /* LeagueVC.swift */,
				60321BFC2018E953008944D5 /* SkillVC.swift */,
			);
			path = controller;
			sourceTree = "<group>";
		};
		60321BF92018E760008944D5 /* Model */ = {
			isa = PBXGroup;
			children = (
				60321BFE2018F5AE008944D5 /* Player.swift */,
			);
			path = Model;
			sourceTree = "<group>";
		};
/* End PBXGroup section */

/* Begin PBXNativeTarget section */
		600554B42016330D006B6BF2 /* app-swoosh */ = {
			isa = PBXNativeTarget;
			buildConfigurationList = 600554C72016330D006B6BF2 /* Build configuration list for PBXNativeTarget "app-swoosh" */;
			buildPhases = (
				600554B12016330D006B6BF2 /* Sources */,
				600554B22016330D006B6BF2 /* Frameworks */,
				600554B32016330D006B6BF2 /* Resources */,
			);
			buildRules = (
			);
			dependencies = (
			);
			name = "app-swoosh";
			productName = "app-swoosh";
			productReference = 600554B52016330D006B6BF2 /* app-swoosh.app */;
			productType = "com.apple.product-type.application";
		};
/* End PBXNativeTarget section */

/* Begin PBXProject section */
		600554AD2016330D006B6BF2 /* Project object */ = {
			isa = PBXProject;
			attributes = {
				LastSwiftUpdateCheck = 0900;
				LastUpgradeCheck = 0900;
				ORGANIZATIONNAME = Kieran;
				TargetAttributes = {
					600554B42016330D006B6BF2 = {
						CreatedOnToolsVersion = 9.0;
						ProvisioningStyle = Automatic;
					};
				};
			};
			buildConfigurationList = 600554B02016330D006B6BF2 /* Build configuration list for PBXProject "app-swoosh" */;
			compatibilityVersion = "Xcode 8.0";
			developmentRegion = en;
			hasScannedForEncodings = 0;
			knownRegions = (
				en,
				Base,
			);
			mainGroup = 600554AC2016330D006B6BF2;
			productRefGroup = 600554B62016330D006B6BF2 /* Products */;
			projectDirPath = "";
			projectRoot = "";
			targets = (
				600554B42016330D006B6BF2 /* app-swoosh */,
			);
		};
/* End PBXProject section */

/* Begin PBXResourcesBuildPhase section */
		600554B32016330D006B6BF2 /* Resources */ = {
			isa = PBXResourcesBuildPhase;
			buildActionMask = 2147483647;
			files = (
				600554C32016330D006B6BF2 /* LaunchScreen.storyboard in Resources */,
				600554C02016330D006B6BF2 /* Assets.xcassets in Resources */,
				600554BE2016330D006B6BF2 /* Main.storyboard in Resources */,
			);
			runOnlyForDeploymentPostprocessing = 0;
		};
/* End PBXResourcesBuildPhase section */

/* Begin PBXSourcesBuildPhase section */
		600554B12016330D006B6BF2 /* Sources */ = {
			isa = PBXSourcesBuildPhase;
			buildActionMask = 2147483647;
			files = (
				600554BB2016330D006B6BF2 /* WelcomeVC.swift in Sources */,
				60321BFB2018E928008944D5 /* LeagueVC.swift in Sources */,
				600554B92016330D006B6BF2 /* AppDelegate.swift in Sources */,
				60321BFD2018E953008944D5 /* SkillVC.swift in Sources */,
				60321BFF2018F5AE008944D5 /* Player.swift in Sources */,
				600554CC20163DA2006B6BF2 /* BorderButton.swift in Sources */,
			);
			runOnlyForDeploymentPostprocessing = 0;
		};
/* End PBXSourcesBuildPhase section */

/* Begin PBXVariantGroup section */
		600554BC2016330D006B6BF2 /* Main.storyboard */ = {
			isa = PBXVariantGroup;
			children = (
				600554BD2016330D006B6BF2 /* Base */,
			);
			name = Main.storyboard;
			sourceTree = "<group>";
		};
		600554C12016330D006B6BF2 /* LaunchScreen.storyboard */ = {
			isa = PBXVariantGroup;
			children = (
				600554C22016330D006B6BF2 /* Base */,
			);
			name = LaunchScreen.storyboard;
			sourceTree = "<group>";
		};
/* End PBXVariantGroup section */

/* Begin XCBuildConfiguration section */
		600554C52016330D006B6BF2 /* Debug */ = {
			isa = XCBuildConfiguration;
			buildSettings = {
				ALWAYS_SEARCH_USER_PATHS = NO;
				CLANG_ANALYZER_NONNULL = YES;
				CLANG_ANALYZER_NUMBER_OBJECT_CONVERSION = YES_AGGRESSIVE;
				CLANG_CXX_LANGUAGE_STANDARD = "gnu++14";
				CLANG_CXX_LIBRARY = "libc++";
				CLANG_ENABLE_MODULES = YES;
				CLANG_ENABLE_OBJC_ARC = YES;
				CLANG_WARN_BLOCK_CAPTURE_AUTORELEASING = YES;
				CLANG_WARN_BOOL_CONVERSION = YES;
				CLANG_WARN_COMMA = YES;
				CLANG_WARN_CONSTANT_CONVERSION = YES;
				CLANG_WARN_DIRECT_OBJC_ISA_USAGE = YES_ERROR;
				CLANG_WARN_DOCUMENTATION_COMMENTS = YES;
				CLANG_WARN_EMPTY_BODY = YES;
				CLANG_WARN_ENUM_CONVERSION = YES;
				CLANG_WARN_INFINITE_RECURSION = YES;
				CLANG_WARN_INT_CONVERSION = YES;
				CLANG_WARN_NON_LITERAL_NULL_CONVERSION = YES;
				CLANG_WARN_OBJC_LITERAL_CONVERSION = YES;
				CLANG_WARN_OBJC_ROOT_CLASS = YES_ERROR;
				CLANG_WARN_RANGE_LOOP_ANALYSIS = YES;
				CLANG_WARN_STRICT_PROTOTYPES = YES;
				CLANG_WARN_SUSPICIOUS_MOVE = YES;
				CLANG_WARN_UNGUARDED_AVAILABILITY = YES_AGGRESSIVE;
				CLANG_WARN_UNREACHABLE_CODE = YES;
				CLANG_WARN__DUPLICATE_METHOD_MATCH = YES;
				CODE_SIGN_IDENTITY = "iPhone Developer";
				COPY_PHASE_STRIP = NO;
				DEBUG_INFORMATION_FORMAT = dwarf;
				ENABLE_STRICT_OBJC_MSGSEND = YES;
				ENABLE_TESTABILITY = YES;
				GCC_C_LANGUAGE_STANDARD = gnu11;
				GCC_DYNAMIC_NO_PIC = NO;
				GCC_NO_COMMON_BLOCKS = YES;
				GCC_OPTIMIZATION_LEVEL = 0;
				GCC_PREPROCESSOR_DEFINITIONS = (
					"DEBUG=1",
					"$(inherited)",
				);
				GCC_WARN_64_TO_32_BIT_CONVERSION = YES;
				GCC_WARN_ABOUT_RETURN_TYPE = YES_ERROR;
				GCC_WARN_UNDECLARED_SELECTOR = YES;
				GCC_WARN_UNINITIALIZED_AUTOS = YES_AGGRESSIVE;
				GCC_WARN_UNUSED_FUNCTION = YES;
				GCC_WARN_UNUSED_VARIABLE = YES;
				IPHONEOS_DEPLOYMENT_TARGET = 11.0;
				MTL_ENABLE_DEBUG_INFO = YES;
				ONLY_ACTIVE_ARCH = YES;
				SDKROOT = iphoneos;
				SWIFT_ACTIVE_COMPILATION_CONDITIONS = DEBUG;
				SWIFT_OPTIMIZATION_LEVEL = "-Onone";
			};
			name = Debug;
		};
		600554C62016330D006B6BF2 /* Release */ = {
			isa = XCBuildConfiguration;
			buildSettings = {
				ALWAYS_SEARCH_USER_PATHS = NO;
				CLANG_ANALYZER_NONNULL = YES;
				CLANG_ANALYZER_NUMBER_OBJECT_CONVERSION = YES_AGGRESSIVE;
				CLANG_CXX_LANGUAGE_STANDARD = "gnu++14";
				CLANG_CXX_LIBRARY = "libc++";
				CLANG_ENABLE_MODULES = YES;
				CLANG_ENABLE_OBJC_ARC = YES;
				CLANG_WARN_BLOCK_CAPTURE_AUTORELEASING = YES;
				CLANG_WARN_BOOL_CONVERSION = YES;
				CLANG_WARN_COMMA = YES;
				CLANG_WARN_CONSTANT_CONVERSION = YES;
				CLANG_WARN_DIRECT_OBJC_ISA_USAGE = YES_ERROR;
				CLANG_WARN_DOCUMENTATION_COMMENTS = YES;
				CLANG_WARN_EMPTY_BODY = YES;
				CLANG_WARN_ENUM_CONVERSION = YES;
				CLANG_WARN_INFINITE_RECURSION = YES;
				CLANG_WARN_INT_CONVERSION = YES;
				CLANG_WARN_NON_LITERAL_NULL_CONVERSION = YES;
				CLANG_WARN_OBJC_LITERAL_CONVERSION = YES;
				CLANG_WARN_OBJC_ROOT_CLASS = YES_ERROR;
				CLANG_WARN_RANGE_LOOP_ANALYSIS = YES;
				CLANG_WARN_STRICT_PROTOTYPES = YES;
				CLANG_WARN_SUSPICIOUS_MOVE = YES;
				CLANG_WARN_UNGUARDED_AVAILABILITY = YES_AGGRESSIVE;
				CLANG_WARN_UNREACHABLE_CODE = YES;
				CLANG_WARN__DUPLICATE_METHOD_MATCH = YES;
				CODE_SIGN_IDENTITY = "iPhone Developer";
				COPY_PHASE_STRIP = NO;
				DEBUG_INFORMATION_FORMAT = "dwarf-with-dsym";
				ENABLE_NS_ASSERTIONS = NO;
				ENABLE_STRICT_OBJC_MSGSEND = YES;
				GCC_C_LANGUAGE_STANDARD = gnu11;
				GCC_NO_COMMON_BLOCKS = YES;
				GCC_WARN_64_TO_32_BIT_CONVERSION = YES;
				GCC_WARN_ABOUT_RETURN_TYPE = YES_ERROR;
				GCC_WARN_UNDECLARED_SELECTOR = YES;
				GCC_WARN_UNINITIALIZED_AUTOS = YES_AGGRESSIVE;
				GCC_WARN_UNUSED_FUNCTION = YES;
				GCC_WARN_UNUSED_VARIABLE = YES;
				IPHONEOS_DEPLOYMENT_TARGET = 11.0;
				MTL_ENABLE_DEBUG_INFO = NO;
				SDKROOT = iphoneos;
				SWIFT_OPTIMIZATION_LEVEL = "-Owholemodule";
				VALIDATE_PRODUCT = YES;
			};
			name = Release;
		};
		600554C82016330D006B6BF2 /* Debug */ = {
			isa = XCBuildConfiguration;
			buildSettings = {
				ASSETCATALOG_COMPILER_APPICON_NAME = AppIcon;
				CODE_SIGN_STYLE = Automatic;
				DEVELOPMENT_TEAM = A7G9RS5S2W;
				INFOPLIST_FILE = "app-swoosh/Info.plist";
				LD_RUNPATH_SEARCH_PATHS = "$(inherited) @executable_path/Frameworks";
				PRODUCT_BUNDLE_IDENTIFIER = "com.kieran-Oliver.app-swoosh";
				PRODUCT_NAME = "$(TARGET_NAME)";
				SWIFT_VERSION = 4.0;
				TARGETED_DEVICE_FAMILY = "1,2";
			};
			name = Debug;
		};
		600554C92016330D006B6BF2 /* Release */ = {
			isa = XCBuildConfiguration;
			buildSettings = {
				ASSETCATALOG_COMPILER_APPICON_NAME = AppIcon;
				CODE_SIGN_STYLE = Automatic;
				DEVELOPMENT_TEAM = A7G9RS5S2W;
				INFOPLIST_FILE = "app-swoosh/Info.plist";
				LD_RUNPATH_SEARCH_PATHS = "$(inherited) @executable_path/Frameworks";
				PRODUCT_BUNDLE_IDENTIFIER = "com.kieran-Oliver.app-swoosh";
				PRODUCT_NAME = "$(TARGET_NAME)";
				SWIFT_VERSION = 4.0;
				TARGETED_DEVICE_FAMILY = "1,2";
			};
			name = Release;
		};
/* End XCBuildConfiguration section */

/* Begin XCConfigurationList section */
		600554B02016330D006B6BF2 /* Build configuration list for PBXProject "app-swoosh" */ = {
			isa = XCConfigurationList;
			buildConfigurations = (
				600554C52016330D006B6BF2 /* Debug */,
				600554C62016330D006B6BF2 /* Release */,
			);
			defaultConfigurationIsVisible = 0;
			defaultConfigurationName = Release;
		};
		600554C72016330D006B6BF2 /* Build configuration list for PBXNativeTarget "app-swoosh" */ = {
			isa = XCConfigurationList;
			buildConfigurations = (
				600554C82016330D006B6BF2 /* Debug */,
				600554C92016330D006B6BF2 /* Release */,
			);
			defaultConfigurationIsVisible = 0;
			defaultConfigurationName = Release;
		};
/* End XCConfigurationList section */
	};
	rootObject = 600554AD2016330D006B6BF2 /* Project object */;
}
